// !$*UTF8*$!
{
	archiveVersion = 1;
	classes = {
	};
	objectVersion = 56;
	objects = {

/* Begin PBXBuildFile section */
		73674787298BFEE400FD0C72 /* ViewDidLoadInSwiftUIApp.swift in Sources */ = {isa = PBXBuildFile; fileRef = 73674786298BFEE400FD0C72 /* ViewDidLoadInSwiftUIApp.swift */; };
		73674789298BFEE400FD0C72 /* ContentView.swift in Sources */ = {isa = PBXBuildFile; fileRef = 73674788298BFEE400FD0C72 /* ContentView.swift */; };
		7367478B298BFEE500FD0C72 /* Assets.xcassets in Resources */ = {isa = PBXBuildFile; fileRef = 7367478A298BFEE500FD0C72 /* Assets.xcassets */; };
		7367478E298BFEE500FD0C72 /* Preview Assets.xcassets in Resources */ = {isa = PBXBuildFile; fileRef = 7367478D298BFEE500FD0C72 /* Preview Assets.xcassets */; };
		73674798298BFEE500FD0C72 /* ViewDidLoadInSwiftUITests.swift in Sources */ = {isa = PBXBuildFile; fileRef = 73674797298BFEE500FD0C72 /* ViewDidLoadInSwiftUITests.swift */; };
		736747A2298BFEE500FD0C72 /* ViewDidLoadInSwiftUIUITests.swift in Sources */ = {isa = PBXBuildFile; fileRef = 736747A1298BFEE500FD0C72 /* ViewDidLoadInSwiftUIUITests.swift */; };
		736747A4298BFEE500FD0C72 /* ViewDidLoadInSwiftUIUITestsLaunchTests.swift in Sources */ = {isa = PBXBuildFile; fileRef = 736747A3298BFEE500FD0C72 /* ViewDidLoadInSwiftUIUITestsLaunchTests.swift */; };
		736747B1298C040F00FD0C72 /* SpyView.swift in Sources */ = {isa = PBXBuildFile; fileRef = 736747B0298C040F00FD0C72 /* SpyView.swift */; };
/* End PBXBuildFile section */

/* Begin PBXContainerItemProxy section */
		73674794298BFEE500FD0C72 /* PBXContainerItemProxy */ = {
			isa = PBXContainerItemProxy;
			containerPortal = 7367477B298BFEE400FD0C72 /* Project object */;
			proxyType = 1;
			remoteGlobalIDString = 73674782298BFEE400FD0C72;
			remoteInfo = ViewDidLoadInSwiftUI;
		};
		7367479E298BFEE500FD0C72 /* PBXContainerItemProxy */ = {
			isa = PBXContainerItemProxy;
			containerPortal = 7367477B298BFEE400FD0C72 /* Project object */;
			proxyType = 1;
			remoteGlobalIDString = 73674782298BFEE400FD0C72;
			remoteInfo = ViewDidLoadInSwiftUI;
		};
/* End PBXContainerItemProxy section */

/* Begin PBXFileReference section */
		73674783298BFEE400FD0C72 /* ViewDidLoadInSwiftUI.app */ = {isa = PBXFileReference; explicitFileType = wrapper.application; includeInIndex = 0; path = ViewDidLoadInSwiftUI.app; sourceTree = BUILT_PRODUCTS_DIR; };
		73674786298BFEE400FD0C72 /* ViewDidLoadInSwiftUIApp.swift */ = {isa = PBXFileReference; lastKnownFileType = sourcecode.swift; path = ViewDidLoadInSwiftUIApp.swift; sourceTree = "<group>"; };
		73674788298BFEE400FD0C72 /* ContentView.swift */ = {isa = PBXFileReference; lastKnownFileType = sourcecode.swift; path = ContentView.swift; sourceTree = "<group>"; };
		7367478A298BFEE500FD0C72 /* Assets.xcassets */ = {isa = PBXFileReference; lastKnownFileType = folder.assetcatalog; path = Assets.xcassets; sourceTree = "<group>"; };
		7367478D298BFEE500FD0C72 /* Preview Assets.xcassets */ = {isa = PBXFileReference; lastKnownFileType = folder.assetcatalog; path = "Preview Assets.xcassets"; sourceTree = "<group>"; };
		73674793298BFEE500FD0C72 /* ViewDidLoadInSwiftUITests.xctest */ = {isa = PBXFileReference; explicitFileType = wrapper.cfbundle; includeInIndex = 0; path = ViewDidLoadInSwiftUITests.xctest; sourceTree = BUILT_PRODUCTS_DIR; };
		73674797298BFEE500FD0C72 /* ViewDidLoadInSwiftUITests.swift */ = {isa = PBXFileReference; lastKnownFileType = sourcecode.swift; path = ViewDidLoadInSwiftUITests.swift; sourceTree = "<group>"; };
		7367479D298BFEE500FD0C72 /* ViewDidLoadInSwiftUIUITests.xctest */ = {isa = PBXFileReference; explicitFileType = wrapper.cfbundle; includeInIndex = 0; path = ViewDidLoadInSwiftUIUITests.xctest; sourceTree = BUILT_PRODUCTS_DIR; };
		736747A1298BFEE500FD0C72 /* ViewDidLoadInSwiftUIUITests.swift */ = {isa = PBXFileReference; lastKnownFileType = sourcecode.swift; path = ViewDidLoadInSwiftUIUITests.swift; sourceTree = "<group>"; };
		736747A3298BFEE500FD0C72 /* ViewDidLoadInSwiftUIUITestsLaunchTests.swift */ = {isa = PBXFileReference; lastKnownFileType = sourcecode.swift; path = ViewDidLoadInSwiftUIUITestsLaunchTests.swift; sourceTree = "<group>"; };
		736747B0298C040F00FD0C72 /* SpyView.swift */ = {isa = PBXFileReference; lastKnownFileType = sourcecode.swift; path = SpyView.swift; sourceTree = "<group>"; };
/* End PBXFileReference section */

/* Begin PBXFrameworksBuildPhase section */
		73674780298BFEE400FD0C72 /* Frameworks */ = {
			isa = PBXFrameworksBuildPhase;
			buildActionMask = 2147483647;
			files = (
			);
			runOnlyForDeploymentPostprocessing = 0;
		};
		73674790298BFEE500FD0C72 /* Frameworks */ = {
			isa = PBXFrameworksBuildPhase;
			buildActionMask = 2147483647;
			files = (
			);
			runOnlyForDeploymentPostprocessing = 0;
		};
		7367479A298BFEE500FD0C72 /* Frameworks */ = {
			isa = PBXFrameworksBuildPhase;
			buildActionMask = 2147483647;
			files = (
			);
			runOnlyForDeploymentPostprocessing = 0;
		};
/* End PBXFrameworksBuildPhase section */

/* Begin PBXGroup section */
		7367477A298BFEE400FD0C72 = {
			isa = PBXGroup;
			children = (
				73674785298BFEE400FD0C72 /* ViewDidLoadInSwiftUI */,
				73674796298BFEE500FD0C72 /* ViewDidLoadInSwiftUITests */,
				736747A0298BFEE500FD0C72 /* ViewDidLoadInSwiftUIUITests */,
				73674784298BFEE400FD0C72 /* Products */,
			);
			sourceTree = "<group>";
		};
		73674784298BFEE400FD0C72 /* Products */ = {
			isa = PBXGroup;
			children = (
				73674783298BFEE400FD0C72 /* ViewDidLoadInSwiftUI.app */,
				73674793298BFEE500FD0C72 /* ViewDidLoadInSwiftUITests.xctest */,
				7367479D298BFEE500FD0C72 /* ViewDidLoadInSwiftUIUITests.xctest */,
			);
			name = Products;
			sourceTree = "<group>";
		};
		73674785298BFEE400FD0C72 /* ViewDidLoadInSwiftUI */ = {
			isa = PBXGroup;
			children = (
				73674786298BFEE400FD0C72 /* ViewDidLoadInSwiftUIApp.swift */,
				73674788298BFEE400FD0C72 /* ContentView.swift */,
				7367478A298BFEE500FD0C72 /* Assets.xcassets */,
				7367478C298BFEE500FD0C72 /* Preview Content */,
				736747B0298C040F00FD0C72 /* SpyView.swift */,
			);
			path = ViewDidLoadInSwiftUI;
			sourceTree = "<group>";
		};
		7367478C298BFEE500FD0C72 /* Preview Content */ = {
			isa = PBXGroup;
			children = (
				7367478D298BFEE500FD0C72 /* Preview Assets.xcassets */,
			);
			path = "Preview Content";
			sourceTree = "<group>";
		};
		73674796298BFEE500FD0C72 /* ViewDidLoadInSwiftUITests */ = {
			isa = PBXGroup;
			children = (
				73674797298BFEE500FD0C72 /* ViewDidLoadInSwiftUITests.swift */,
			);
			path = ViewDidLoadInSwiftUITests;
			sourceTree = "<group>";
		};
		736747A0298BFEE500FD0C72 /* ViewDidLoadInSwiftUIUITests */ = {
			isa = PBXGroup;
			children = (
				736747A1298BFEE500FD0C72 /* ViewDidLoadInSwiftUIUITests.swift */,
				736747A3298BFEE500FD0C72 /* ViewDidLoadInSwiftUIUITestsLaunchTests.swift */,
			);
			path = ViewDidLoadInSwiftUIUITests;
			sourceTree = "<group>";
		};
/* End PBXGroup section */

/* Begin PBXNativeTarget section */
		73674782298BFEE400FD0C72 /* ViewDidLoadInSwiftUI */ = {
			isa = PBXNativeTarget;
			buildConfigurationList = 736747A7298BFEE500FD0C72 /* Build configuration list for PBXNativeTarget "ViewDidLoadInSwiftUI" */;
			buildPhases = (
				7367477F298BFEE400FD0C72 /* Sources */,
				73674780298BFEE400FD0C72 /* Frameworks */,
				73674781298BFEE400FD0C72 /* Resources */,
			);
			buildRules = (
			);
			dependencies = (
			);
			name = ViewDidLoadInSwiftUI;
			productName = ViewDidLoadInSwiftUI;
			productReference = 73674783298BFEE400FD0C72 /* ViewDidLoadInSwiftUI.app */;
			productType = "com.apple.product-type.application";
		};
		73674792298BFEE500FD0C72 /* ViewDidLoadInSwiftUITests */ = {
			isa = PBXNativeTarget;
			buildConfigurationList = 736747AA298BFEE500FD0C72 /* Build configuration list for PBXNativeTarget "ViewDidLoadInSwiftUITests" */;
			buildPhases = (
				7367478F298BFEE500FD0C72 /* Sources */,
				73674790298BFEE500FD0C72 /* Frameworks */,
				73674791298BFEE500FD0C72 /* Resources */,
			);
			buildRules = (
			);
			dependencies = (
				73674795298BFEE500FD0C72 /* PBXTargetDependency */,
			);
			name = ViewDidLoadInSwiftUITests;
			productName = ViewDidLoadInSwiftUITests;
			productReference = 73674793298BFEE500FD0C72 /* ViewDidLoadInSwiftUITests.xctest */;
			productType = "com.apple.product-type.bundle.unit-test";
		};
		7367479C298BFEE500FD0C72 /* ViewDidLoadInSwiftUIUITests */ = {
			isa = PBXNativeTarget;
			buildConfigurationList = 736747AD298BFEE500FD0C72 /* Build configuration list for PBXNativeTarget "ViewDidLoadInSwiftUIUITests" */;
			buildPhases = (
				73674799298BFEE500FD0C72 /* Sources */,
				7367479A298BFEE500FD0C72 /* Frameworks */,
				7367479B298BFEE500FD0C72 /* Resources */,
			);
			buildRules = (
			);
			dependencies = (
				7367479F298BFEE500FD0C72 /* PBXTargetDependency */,
			);
			name = ViewDidLoadInSwiftUIUITests;
			productName = ViewDidLoadInSwiftUIUITests;
			productReference = 7367479D298BFEE500FD0C72 /* ViewDidLoadInSwiftUIUITests.xctest */;
			productType = "com.apple.product-type.bundle.ui-testing";
		};
/* End PBXNativeTarget section */

/* Begin PBXProject section */
		7367477B298BFEE400FD0C72 /* Project object */ = {
			isa = PBXProject;
			attributes = {
				BuildIndependentTargetsInParallel = 1;
				LastSwiftUpdateCheck = 1410;
				LastUpgradeCheck = 1410;
				TargetAttributes = {
					73674782298BFEE400FD0C72 = {
						CreatedOnToolsVersion = 14.1;
					};
					73674792298BFEE500FD0C72 = {
						CreatedOnToolsVersion = 14.1;
						TestTargetID = 73674782298BFEE400FD0C72;
					};
					7367479C298BFEE500FD0C72 = {
						CreatedOnToolsVersion = 14.1;
						TestTargetID = 73674782298BFEE400FD0C72;
					};
				};
			};
			buildConfigurationList = 7367477E298BFEE400FD0C72 /* Build configuration list for PBXProject "ViewDidLoadInSwiftUI" */;
			compatibilityVersion = "Xcode 14.0";
			developmentRegion = en;
			hasScannedForEncodings = 0;
			knownRegions = (
				en,
				Base,
			);
			mainGroup = 7367477A298BFEE400FD0C72;
			productRefGroup = 73674784298BFEE400FD0C72 /* Products */;
			projectDirPath = "";
			projectRoot = "";
			targets = (
				73674782298BFEE400FD0C72 /* ViewDidLoadInSwiftUI */,
				73674792298BFEE500FD0C72 /* ViewDidLoadInSwiftUITests */,
				7367479C298BFEE500FD0C72 /* ViewDidLoadInSwiftUIUITests */,
			);
		};
/* End PBXProject section */

/* Begin PBXResourcesBuildPhase section */
		73674781298BFEE400FD0C72 /* Resources */ = {
			isa = PBXResourcesBuildPhase;
			buildActionMask = 2147483647;
			files = (
				7367478E298BFEE500FD0C72 /* Preview Assets.xcassets in Resources */,
				7367478B298BFEE500FD0C72 /* Assets.xcassets in Resources */,
			);
			runOnlyForDeploymentPostprocessing = 0;
		};
		73674791298BFEE500FD0C72 /* Resources */ = {
			isa = PBXResourcesBuildPhase;
			buildActionMask = 2147483647;
			files = (
			);
			runOnlyForDeploymentPostprocessing = 0;
		};
		7367479B298BFEE500FD0C72 /* Resources */ = {
			isa = PBXResourcesBuildPhase;
			buildActionMask = 2147483647;
			files = (
			);
			runOnlyForDeploymentPostprocessing = 0;
		};
/* End PBXResourcesBuildPhase section */

/* Begin PBXSourcesBuildPhase section */
		7367477F298BFEE400FD0C72 /* Sources */ = {
			isa = PBXSourcesBuildPhase;
			buildActionMask = 2147483647;
			files = (
				73674789298BFEE400FD0C72 /* ContentView.swift in Sources */,
				73674787298BFEE400FD0C72 /* ViewDidLoadInSwiftUIApp.swift in Sources */,
				736747B1298C040F00FD0C72 /* SpyView.swift in Sources */,
			);
			runOnlyForDeploymentPostprocessing = 0;
		};
		7367478F298BFEE500FD0C72 /* Sources */ = {
			isa = PBXSourcesBuildPhase;
			buildActionMask = 2147483647;
			files = (
				73674798298BFEE500FD0C72 /* ViewDidLoadInSwiftUITests.swift in Sources */,
			);
			runOnlyForDeploymentPostprocessing = 0;
		};
		73674799298BFEE500FD0C72 /* Sources */ = {
			isa = PBXSourcesBuildPhase;
			buildActionMask = 2147483647;
			files = (
				736747A4298BFEE500FD0C72 /* ViewDidLoadInSwiftUIUITestsLaunchTests.swift in Sources */,
				736747A2298BFEE500FD0C72 /* ViewDidLoadInSwiftUIUITests.swift in Sources */,
			);
			runOnlyForDeploymentPostprocessing = 0;
		};
/* End PBXSourcesBuildPhase section */

/* Begin PBXTargetDependency section */
		73674795298BFEE500FD0C72 /* PBXTargetDependency */ = {
			isa = PBXTargetDependency;
			target = 73674782298BFEE400FD0C72 /* ViewDidLoadInSwiftUI */;
			targetProxy = 73674794298BFEE500FD0C72 /* PBXContainerItemProxy */;
		};
		7367479F298BFEE500FD0C72 /* PBXTargetDependency */ = {
			isa = PBXTargetDependency;
			target = 73674782298BFEE400FD0C72 /* ViewDidLoadInSwiftUI */;
			targetProxy = 7367479E298BFEE500FD0C72 /* PBXContainerItemProxy */;
		};
/* End PBXTargetDependency section */

/* Begin XCBuildConfiguration section */
		736747A5298BFEE500FD0C72 /* Debug */ = {
			isa = XCBuildConfiguration;
			buildSettings = {
				ALWAYS_SEARCH_USER_PATHS = NO;
				CLANG_ANALYZER_NONNULL = YES;
				CLANG_ANALYZER_NUMBER_OBJECT_CONVERSION = YES_AGGRESSIVE;
				CLANG_CXX_LANGUAGE_STANDARD = "gnu++20";
				CLANG_ENABLE_MODULES = YES;
				CLANG_ENABLE_OBJC_ARC = YES;
				CLANG_ENABLE_OBJC_WEAK = YES;
				CLANG_WARN_BLOCK_CAPTURE_AUTORELEASING = YES;
				CLANG_WARN_BOOL_CONVERSION = YES;
				CLANG_WARN_COMMA = YES;
				CLANG_WARN_CONSTANT_CONVERSION = YES;
				CLANG_WARN_DEPRECATED_OBJC_IMPLEMENTATIONS = YES;
				CLANG_WARN_DIRECT_OBJC_ISA_USAGE = YES_ERROR;
				CLANG_WARN_DOCUMENTATION_COMMENTS = YES;
				CLANG_WARN_EMPTY_BODY = YES;
				CLANG_WARN_ENUM_CONVERSION = YES;
				CLANG_WARN_INFINITE_RECURSION = YES;
				CLANG_WARN_INT_CONVERSION = YES;
				CLANG_WARN_NON_LITERAL_NULL_CONVERSION = YES;
				CLANG_WARN_OBJC_IMPLICIT_RETAIN_SELF = YES;
				CLANG_WARN_OBJC_LITERAL_CONVERSION = YES;
				CLANG_WARN_OBJC_ROOT_CLASS = YES_ERROR;
				CLANG_WARN_QUOTED_INCLUDE_IN_FRAMEWORK_HEADER = YES;
				CLANG_WARN_RANGE_LOOP_ANALYSIS = YES;
				CLANG_WARN_STRICT_PROTOTYPES = YES;
				CLANG_WARN_SUSPICIOUS_MOVE = YES;
				CLANG_WARN_UNGUARDED_AVAILABILITY = YES_AGGRESSIVE;
				CLANG_WARN_UNREACHABLE_CODE = YES;
				CLANG_WARN__DUPLICATE_METHOD_MATCH = YES;
				COPY_PHASE_STRIP = NO;
				DEBUG_INFORMATION_FORMAT = dwarf;
				ENABLE_STRICT_OBJC_MSGSEND = YES;
				ENABLE_TESTABILITY = YES;
				GCC_C_LANGUAGE_STANDARD = gnu11;
				GCC_DYNAMIC_NO_PIC = NO;
				GCC_NO_COMMON_BLOCKS = YES;
				GCC_OPTIMIZATION_LEVEL = 0;
				GCC_PREPROCESSOR_DEFINITIONS = (
					"DEBUG=1",
					"$(inherited)",
				);
				GCC_WARN_64_TO_32_BIT_CONVERSION = YES;
				GCC_WARN_ABOUT_RETURN_TYPE = YES_ERROR;
				GCC_WARN_UNDECLARED_SELECTOR = YES;
				GCC_WARN_UNINITIALIZED_AUTOS = YES_AGGRESSIVE;
				GCC_WARN_UNUSED_FUNCTION = YES;
				GCC_WARN_UNUSED_VARIABLE = YES;
				IPHONEOS_DEPLOYMENT_TARGET = 16.1;
				MTL_ENABLE_DEBUG_INFO = INCLUDE_SOURCE;
				MTL_FAST_MATH = YES;
				ONLY_ACTIVE_ARCH = YES;
				SDKROOT = iphoneos;
				SWIFT_ACTIVE_COMPILATION_CONDITIONS = DEBUG;
				SWIFT_OPTIMIZATION_LEVEL = "-Onone";
			};
			name = Debug;
		};
		736747A6298BFEE500FD0C72 /* Release */ = {
			isa = XCBuildConfiguration;
			buildSettings = {
				ALWAYS_SEARCH_USER_PATHS = NO;
				CLANG_ANALYZER_NONNULL = YES;
				CLANG_ANALYZER_NUMBER_OBJECT_CONVERSION = YES_AGGRESSIVE;
				CLANG_CXX_LANGUAGE_STANDARD = "gnu++20";
				CLANG_ENABLE_MODULES = YES;
				CLANG_ENABLE_OBJC_ARC = YES;
				CLANG_ENABLE_OBJC_WEAK = YES;
				CLANG_WARN_BLOCK_CAPTURE_AUTORELEASING = YES;
				CLANG_WARN_BOOL_CONVERSION = YES;
				CLANG_WARN_COMMA = YES;
				CLANG_WARN_CONSTANT_CONVERSION = YES;
				CLANG_WARN_DEPRECATED_OBJC_IMPLEMENTATIONS = YES;
				CLANG_WARN_DIRECT_OBJC_ISA_USAGE = YES_ERROR;
				CLANG_WARN_DOCUMENTATION_COMMENTS = YES;
				CLANG_WARN_EMPTY_BODY = YES;
				CLANG_WARN_ENUM_CONVERSION = YES;
				CLANG_WARN_INFINITE_RECURSION = YES;
				CLANG_WARN_INT_CONVERSION = YES;
				CLANG_WARN_NON_LITERAL_NULL_CONVERSION = YES;
				CLANG_WARN_OBJC_IMPLICIT_RETAIN_SELF = YES;
				CLANG_WARN_OBJC_LITERAL_CONVERSION = YES;
				CLANG_WARN_OBJC_ROOT_CLASS = YES_ERROR;
				CLANG_WARN_QUOTED_INCLUDE_IN_FRAMEWORK_HEADER = YES;
				CLANG_WARN_RANGE_LOOP_ANALYSIS = YES;
				CLANG_WARN_STRICT_PROTOTYPES = YES;
				CLANG_WARN_SUSPICIOUS_MOVE = YES;
				CLANG_WARN_UNGUARDED_AVAILABILITY = YES_AGGRESSIVE;
				CLANG_WARN_UNREACHABLE_CODE = YES;
				CLANG_WARN__DUPLICATE_METHOD_MATCH = YES;
				COPY_PHASE_STRIP = NO;
				DEBUG_INFORMATION_FORMAT = "dwarf-with-dsym";
				ENABLE_NS_ASSERTIONS = NO;
				ENABLE_STRICT_OBJC_MSGSEND = YES;
				GCC_C_LANGUAGE_STANDARD = gnu11;
				GCC_NO_COMMON_BLOCKS = YES;
				GCC_WARN_64_TO_32_BIT_CONVERSION = YES;
				GCC_WARN_ABOUT_RETURN_TYPE = YES_ERROR;
				GCC_WARN_UNDECLARED_SELECTOR = YES;
				GCC_WARN_UNINITIALIZED_AUTOS = YES_AGGRESSIVE;
				GCC_WARN_UNUSED_FUNCTION = YES;
				GCC_WARN_UNUSED_VARIABLE = YES;
				IPHONEOS_DEPLOYMENT_TARGET = 16.1;
				MTL_ENABLE_DEBUG_INFO = NO;
				MTL_FAST_MATH = YES;
				SDKROOT = iphoneos;
				SWIFT_COMPILATION_MODE = wholemodule;
				SWIFT_OPTIMIZATION_LEVEL = "-O";
				VALIDATE_PRODUCT = YES;
			};
			name = Release;
		};
		736747A8298BFEE500FD0C72 /* Debug */ = {
			isa = XCBuildConfiguration;
			buildSettings = {
				ASSETCATALOG_COMPILER_APPICON_NAME = AppIcon;
				ASSETCATALOG_COMPILER_GLOBAL_ACCENT_COLOR_NAME = AccentColor;
				CODE_SIGN_STYLE = Automatic;
				CURRENT_PROJECT_VERSION = 1;
				DEVELOPMENT_ASSET_PATHS = "\"ViewDidLoadInSwiftUI/Preview Content\"";
				DEVELOPMENT_TEAM = U4Y29F8CZ3;
				ENABLE_PREVIEWS = YES;
				GENERATE_INFOPLIST_FILE = YES;
				INFOPLIST_KEY_UIApplicationSceneManifest_Generation = YES;
				INFOPLIST_KEY_UIApplicationSupportsIndirectInputEvents = YES;
				INFOPLIST_KEY_UILaunchScreen_Generation = YES;
				INFOPLIST_KEY_UISupportedInterfaceOrientations_iPad = "UIInterfaceOrientationPortrait UIInterfaceOrientationPortraitUpsideDown UIInterfaceOrientationLandscapeLeft UIInterfaceOrientationLandscapeRight";
				INFOPLIST_KEY_UISupportedInterfaceOrientations_iPhone = "UIInterfaceOrientationPortrait UIInterfaceOrientationLandscapeLeft UIInterfaceOrientationLandscapeRight";
				LD_RUNPATH_SEARCH_PATHS = (
					"$(inherited)",
					"@executable_path/Frameworks",
				);
				MARKETING_VERSION = 1.0;
				PRODUCT_BUNDLE_IDENTIFIER = com.dyljqq.ViewDidLoadInSwiftUI;
				PRODUCT_NAME = "$(TARGET_NAME)";
				SWIFT_EMIT_LOC_STRINGS = YES;
				SWIFT_VERSION = 5.0;
				TARGETED_DEVICE_FAMILY = "1,2";
			};
			name = Debug;
		};
		736747A9298BFEE500FD0C72 /* Release */ = {
			isa = XCBuildConfiguration;
			buildSettings = {
				ASSETCATALOG_COMPILER_APPICON_NAME = AppIcon;
				ASSETCATALOG_COMPILER_GLOBAL_ACCENT_COLOR_NAME = AccentColor;
				CODE_SIGN_STYLE = Automatic;
				CURRENT_PROJECT_VERSION = 1;
				DEVELOPMENT_ASSET_PATHS = "\"ViewDidLoadInSwiftUI/Preview Content\"";
				DEVELOPMENT_TEAM = U4Y29F8CZ3;
				ENABLE_PREVIEWS = YES;
				GENERATE_INFOPLIST_FILE = YES;
				INFOPLIST_KEY_UIApplicationSceneManifest_Generation = YES;
				INFOPLIST_KEY_UIApplicationSupportsIndirectInputEvents = YES;
				INFOPLIST_KEY_UILaunchScreen_Generation = YES;
				INFOPLIST_KEY_UISupportedInterfaceOrientations_iPad = "UIInterfaceOrientationPortrait UIInterfaceOrientationPortraitUpsideDown UIInterfaceOrientationLandscapeLeft UIInterfaceOrientationLandscapeRight";
				INFOPLIST_KEY_UISupportedInterfaceOrientations_iPhone = "UIInterfaceOrientationPortrait UIInterfaceOrientationLandscapeLeft UIInterfaceOrientationLandscapeRight";
				LD_RUNPATH_SEARCH_PATHS = (
					"$(inherited)",
					"@executable_path/Frameworks",
				);
				MARKETING_VERSION = 1.0;
				PRODUCT_BUNDLE_IDENTIFIER = com.dyljqq.ViewDidLoadInSwiftUI;
				PRODUCT_NAME = "$(TARGET_NAME)";
				SWIFT_EMIT_LOC_STRINGS = YES;
				SWIFT_VERSION = 5.0;
				TARGETED_DEVICE_FAMILY = "1,2";
			};
			name = Release;
		};
		736747AB298BFEE500FD0C72 /* Debug */ = {
			isa = XCBuildConfiguration;
			buildSettings = {
				ALWAYS_EMBED_SWIFT_STANDARD_LIBRARIES = YES;
				BUNDLE_LOADER = "$(TEST_HOST)";
				CODE_SIGN_STYLE = Automatic;
				CURRENT_PROJECT_VERSION = 1;
				DEVELOPMENT_TEAM = U4Y29F8CZ3;
				GENERATE_INFOPLIST_FILE = YES;
				IPHONEOS_DEPLOYMENT_TARGET = 16.1;
				MARKETING_VERSION = 1.0;
				PRODUCT_BUNDLE_IDENTIFIER = com.dyljqq.ViewDidLoadInSwiftUITests;
				PRODUCT_NAME = "$(TARGET_NAME)";
				SWIFT_EMIT_LOC_STRINGS = NO;
				SWIFT_VERSION = 5.0;
				TARGETED_DEVICE_FAMILY = "1,2";
				TEST_HOST = "$(BUILT_PRODUCTS_DIR)/ViewDidLoadInSwiftUI.app/$(BUNDLE_EXECUTABLE_FOLDER_PATH)/ViewDidLoadInSwiftUI";
			};
			name = Debug;
		};
		736747AC298BFEE500FD0C72 /* Release */ = {
			isa = XCBuildConfiguration;
			buildSettings = {
				ALWAYS_EMBED_SWIFT_STANDARD_LIBRARIES = YES;
				BUNDLE_LOADER = "$(TEST_HOST)";
				CODE_SIGN_STYLE = Automatic;
				CURRENT_PROJECT_VERSION = 1;
				DEVELOPMENT_TEAM = U4Y29F8CZ3;
				GENERATE_INFOPLIST_FILE = YES;
				IPHONEOS_DEPLOYMENT_TARGET = 16.1;
				MARKETING_VERSION = 1.0;
				PRODUCT_BUNDLE_IDENTIFIER = com.dyljqq.ViewDidLoadInSwiftUITests;
				PRODUCT_NAME = "$(TARGET_NAME)";
				SWIFT_EMIT_LOC_STRINGS = NO;
				SWIFT_VERSION = 5.0;
				TARGETED_DEVICE_FAMILY = "1,2";
				TEST_HOST = "$(BUILT_PRODUCTS_DIR)/ViewDidLoadInSwiftUI.app/$(BUNDLE_EXECUTABLE_FOLDER_PATH)/ViewDidLoadInSwiftUI";
			};
			name = Release;
		};
		736747AE298BFEE500FD0C72 /* Debug */ = {
			isa = XCBuildConfiguration;
			buildSettings = {
				ALWAYS_EMBED_SWIFT_STANDARD_LIBRARIES = YES;
				CODE_SIGN_STYLE = Automatic;
				CURRENT_PROJECT_VERSION = 1;
				DEVELOPMENT_TEAM = U4Y29F8CZ3;
				GENERATE_INFOPLIST_FILE = YES;
				MARKETING_VERSION = 1.0;
				PRODUCT_BUNDLE_IDENTIFIER = com.dyljqq.ViewDidLoadInSwiftUIUITests;
				PRODUCT_NAME = "$(TARGET_NAME)";
				SWIFT_EMIT_LOC_STRINGS = NO;
				SWIFT_VERSION = 5.0;
				TARGETED_DEVICE_FAMILY = "1,2";
				TEST_TARGET_NAME = ViewDidLoadInSwiftUI;
			};
			name = Debug;
		};
		736747AF298BFEE500FD0C72 /* Release */ = {
			isa = XCBuildConfiguration;
			buildSettings = {
				ALWAYS_EMBED_SWIFT_STANDARD_LIBRARIES = YES;
				CODE_SIGN_STYLE = Automatic;
				CURRENT_PROJECT_VERSION = 1;
				DEVELOPMENT_TEAM = U4Y29F8CZ3;
				GENERATE_INFOPLIST_FILE = YES;
				MARKETING_VERSION = 1.0;
				PRODUCT_BUNDLE_IDENTIFIER = com.dyljqq.ViewDidLoadInSwiftUIUITests;
				PRODUCT_NAME = "$(TARGET_NAME)";
				SWIFT_EMIT_LOC_STRINGS = NO;
				SWIFT_VERSION = 5.0;
				TARGETED_DEVICE_FAMILY = "1,2";
				TEST_TARGET_NAME = ViewDidLoadInSwiftUI;
			};
			name = Release;
		};
/* End XCBuildConfiguration section */

/* Begin XCConfigurationList section */
		7367477E298BFEE400FD0C72 /* Build configuration list for PBXProject "ViewDidLoadInSwiftUI" */ = {
			isa = XCConfigurationList;
			buildConfigurations = (
				736747A5298BFEE500FD0C72 /* Debug */,
				736747A6298BFEE500FD0C72 /* Release */,
			);
			defaultConfigurationIsVisible = 0;
			defaultConfigurationName = Release;
		};
		736747A7298BFEE500FD0C72 /* Build configuration list for PBXNativeTarget "ViewDidLoadInSwiftUI" */ = {
			isa = XCConfigurationList;
			buildConfigurations = (
				736747A8298BFEE500FD0C72 /* Debug */,
				736747A9298BFEE500FD0C72 /* Release */,
			);
			defaultConfigurationIsVisible = 0;
			defaultConfigurationName = Release;
		};
		736747AA298BFEE500FD0C72 /* Build configuration list for PBXNativeTarget "ViewDidLoadInSwiftUITests" */ = {
			isa = XCConfigurationList;
			buildConfigurations = (
				736747AB298BFEE500FD0C72 /* Debug */,
				736747AC298BFEE500FD0C72 /* Release */,
			);
			defaultConfigurationIsVisible = 0;
			defaultConfigurationName = Release;
		};
		736747AD298BFEE500FD0C72 /* Build configuration list for PBXNativeTarget "ViewDidLoadInSwiftUIUITests" */ = {
			isa = XCConfigurationList;
			buildConfigurations = (
				736747AE298BFEE500FD0C72 /* Debug */,
				736747AF298BFEE500FD0C72 /* Release */,
			);
			defaultConfigurationIsVisible = 0;
			defaultConfigurationName = Release;
		};
/* End XCConfigurationList section */
	};
	rootObject = 7367477B298BFEE400FD0C72 /* Project object */;
}
